PODS:
  - Cedar (0.13.1)
  - PivotalCoreKit (0.3.0):
    - PivotalCoreKit/Core (= 0.3.0)
  - PivotalCoreKit/Core (0.3.0):
    - PivotalCoreKit/Foundation/Core
    - PivotalCoreKit/UIKit/Core
  - PivotalCoreKit/Foundation/Core (0.3.0)
  - PivotalCoreKit/Foundation/SpecHelper/Fakes (0.3.0):
    - PivotalCoreKit/Foundation/SpecHelper/Fixtures
  - PivotalCoreKit/Foundation/SpecHelper/Fixtures (0.3.0)
  - PivotalCoreKit/UIKit/Core (0.3.0):
    - PivotalCoreKit/UIKit/Core/Core-arc (= 0.3.0)
  - PivotalCoreKit/UIKit/Core/Core-arc (0.3.0)
  - PivotalCoreKit/UIKit/SpecHelper (0.3.0):
    - PivotalCoreKit/UIKit/SpecHelper/Extensions (= 0.3.0)
    - PivotalCoreKit/UIKit/SpecHelper/Matchers (= 0.3.0)
    - PivotalCoreKit/UIKit/SpecHelper/Stubs (= 0.3.0)
    - PivotalCoreKit/UIKit/SpecHelper/Support (= 0.3.0)
  - PivotalCoreKit/UIKit/SpecHelper/Extensions (0.3.0):
    - PivotalCoreKit/UIKit/SpecHelper/Support
  - PivotalCoreKit/UIKit/SpecHelper/Matchers (0.3.0)
  - PivotalCoreKit/UIKit/SpecHelper/Stubs (0.3.0):
    - PivotalCoreKit/UIKit/SpecHelper/Stubs/Stubs-noarc (= 0.3.0)
    - PivotalCoreKit/UIKit/SpecHelper/Support
  - PivotalCoreKit/UIKit/SpecHelper/Stubs/Stubs-noarc (0.3.0):
    - PivotalCoreKit/UIKit/SpecHelper/Support
  - PivotalCoreKit/UIKit/SpecHelper/Support (0.3.0)

DEPENDENCIES:
  - Cedar (~> 0.13)
  - PivotalCoreKit (~> 0.3)
  - PivotalCoreKit/Foundation/SpecHelper/Fakes
  - PivotalCoreKit/UIKit/SpecHelper

SPEC CHECKSUMS:
  Cedar: 66acf4cd946fa7cf6f0f0e3abdb97823e791def5
  PivotalCoreKit: 3dab7cf9bff77eb49ce7ffc7a84e57fa8591f033

PODFILE CHECKSUM: 48a641a19cf4533dd4059aa76275fefff66e7f86

COCOAPODS: 1.0.1
